
Microsoft Visual Studio Solution File, Format Version 12.00
Project("{FAE04EC0-301F-11D3-BF4B-00C04F79EFBC}") = "svyazniySpisok", "svyazniySpisok\svyazniySpisok.csproj", "{ED764C94-F150-4763-9DCF-475D09464971}"
EndProject
Global
	GlobalSection(SolutionConfigurationPlatforms) = preSolution
		Debug|Any CPU = Debug|Any CPU
		Release|Any CPU = Release|Any CPU
	EndGlobalSection
	GlobalSection(ProjectConfigurationPlatforms) = postSolution
		{ED764C94-F150-4763-9DCF-475D09464971}.Debug|Any CPU.ActiveCfg = Debug|Any CPU
		{ED764C94-F150-4763-9DCF-475D09464971}.Debug|Any CPU.Build.0 = Debug|Any CPU
		{ED764C94-F150-4763-9DCF-475D09464971}.Release|Any CPU.ActiveCfg = Release|Any CPU
		{ED764C94-F150-4763-9DCF-475D09464971}.Release|Any CPU.Build.0 = Release|Any CPU
	EndGlobalSection
EndGlobal
